
Microsoft Visual Studio Solution File, Format Version 12.00
# Visual Studio Version 16
VisualStudioVersion = 16.0.31112.23
MinimumVisualStudioVersion = 10.0.40219.1
Project("{8BC9CEB8-8B4A-11D0-8D11-00A0C91BC942}") = "CSE168_Final", "CSE168_Final\CSE168_Final.vcxproj", "{B483DBFE-9B23-4CA1-8BE4-6624A91C8C36}"
EndProject
Global
	GlobalSection(SolutionConfigurationPlatforms) = preSolution
		Debug|x64 = Debug|x64
		Debug|x86 = Debug|x86
		Release|x64 = Release|x64
		Release|x86 = Release|x86
	EndGlobalSection
	GlobalSection(ProjectConfigurationPlatforms) = postSolution
		{B483DBFE-9B23-4CA1-8BE4-6624A91C8C36}.Debug|x64.ActiveCfg = Debug|x64
		{B483DBFE-9B23-4CA1-8BE4-6624A91C8C36}.Debug|x64.Build.0 = Debug|x64
		{B483DBFE-9B23-4CA1-8BE4-6624A91C8C36}.Debug|x86.ActiveCfg = Debug|Win32
		{B483DBFE-9B23-4CA1-8BE4-6624A91C8C36}.Debug|x86.Build.0 = Debug|Win32
		{B483DBFE-9B23-4CA1-8BE4-6624A91C8C36}.Release|x64.ActiveCfg = Release|x64
		{B483DBFE-9B23-4CA1-8BE4-6624A91C8C36}.Release|x64.Build.0 = Release|x64
		{B483DBFE-9B23-4CA1-8BE4-6624A91C8C36}.Release|x86.ActiveCfg = Release|Win32
		{B483DBFE-9B23-4CA1-8BE4-6624A91C8C36}.Release|x86.Build.0 = Release|Win32
	EndGlobalSection
	GlobalSection(SolutionProperties) = preSolution
		HideSolutionNode = FALSE
	EndGlobalSection
	GlobalSection(ExtensibilityGlobals) = postSolution
		SolutionGuid = {05A19130-F2FD-4F26-9875-A68C7DF34DAD}
	EndGlobalSection
EndGlobal
